// !$*UTF8*$!
{
	archiveVersion = 1;
	classes = {
	};
	objectVersion = 46;
	objects = {

/* Begin PBXBuildFile section */
		A80C9ADE1A125D6200AD9948 /* valore_massimo.c in Sources */ = {isa = PBXBuildFile; fileRef = A80C9ADD1A125D6200AD9948 /* valore_massimo.c */; };
		A8B6B66A1A0D1BCB00321D41 /* main.c in Sources */ = {isa = PBXBuildFile; fileRef = A8B6B6691A0D1BCB00321D41 /* main.c */; };
		A8B6B66D1A0D1D2B00321D41 /* stringhe.c in Sources */ = {isa = PBXBuildFile; fileRef = A8B6B66B1A0D1D2B00321D41 /* stringhe.c */; };
/* End PBXBuildFile section */

/* Begin PBXCopyFilesBuildPhase section */
		A85881AC19F2C4EF00EC9D0E /* CopyFiles */ = {
			isa = PBXCopyFilesBuildPhase;
			buildActionMask = 2147483647;
			dstPath = /usr/share/man/man1/;
			dstSubfolderSpec = 0;
			files = (
			);
			runOnlyForDeploymentPostprocessing = 1;
		};
/* End PBXCopyFilesBuildPhase section */

/* Begin PBXFileReference section */
		A80C9ADD1A125D6200AD9948 /* valore_massimo.c */ = {isa = PBXFileReference; fileEncoding = 4; lastKnownFileType = sourcecode.c.c; name = valore_massimo.c; path = "../../../Dropbox/Università/Algoritmi e strutture dati/Devopment/Homework #1/valore_massimo.c"; sourceTree = "<group>"; };
		A80C9ADF1A12667B00AD9948 /* valore_massimo.h */ = {isa = PBXFileReference; fileEncoding = 4; lastKnownFileType = sourcecode.c.h; name = valore_massimo.h; path = "../../../Dropbox/Università/Algoritmi e strutture dati/Devopment/Homework #1/valore_massimo.h"; sourceTree = "<group>"; };
		A85881AE19F2C4EF00EC9D0E /* testC */ = {isa = PBXFileReference; explicitFileType = "compiled.mach-o.executable"; includeInIndex = 0; path = testC; sourceTree = BUILT_PRODUCTS_DIR; };
		A8B6B6691A0D1BCB00321D41 /* main.c */ = {isa = PBXFileReference; fileEncoding = 4; lastKnownFileType = sourcecode.c.c; path = main.c; sourceTree = "<group>"; };
		A8B6B66B1A0D1D2B00321D41 /* stringhe.c */ = {isa = PBXFileReference; fileEncoding = 4; lastKnownFileType = sourcecode.c.c; path = stringhe.c; sourceTree = "<group>"; };
		A8B6B66C1A0D1D2B00321D41 /* stringhe.h */ = {isa = PBXFileReference; fileEncoding = 4; lastKnownFileType = sourcecode.c.h; path = stringhe.h; sourceTree = "<group>"; };
/* End PBXFileReference section */

/* Begin PBXFrameworksBuildPhase section */
		A85881AB19F2C4EF00EC9D0E /* Frameworks */ = {
			isa = PBXFrameworksBuildPhase;
			buildActionMask = 2147483647;
			files = (
			);
			runOnlyForDeploymentPostprocessing = 0;
		};
/* End PBXFrameworksBuildPhase section */

/* Begin PBXGroup section */
		A85881A519F2C4EF00EC9D0E = {
			isa = PBXGroup;
			children = (
				A85881B019F2C4EF00EC9D0E /* testC */,
				A85881AF19F2C4EF00EC9D0E /* Products */,
			);
			sourceTree = "<group>";
		};
		A85881AF19F2C4EF00EC9D0E /* Products */ = {
			isa = PBXGroup;
			children = (
				A85881AE19F2C4EF00EC9D0E /* testC */,
			);
			name = Products;
			sourceTree = "<group>";
		};
		A85881B019F2C4EF00EC9D0E /* testC */ = {
			isa = PBXGroup;
			children = (
				A8B6B6691A0D1BCB00321D41 /* main.c */,
				A8B6B66B1A0D1D2B00321D41 /* stringhe.c */,
				A8B6B66C1A0D1D2B00321D41 /* stringhe.h */,
				A80C9ADD1A125D6200AD9948 /* valore_massimo.c */,
				A80C9ADF1A12667B00AD9948 /* valore_massimo.h */,
			);
			path = testC;
			sourceTree = "<group>";
		};
/* End PBXGroup section */

/* Begin PBXNativeTarget section */
		A85881AD19F2C4EF00EC9D0E /* testC */ = {
			isa = PBXNativeTarget;
			buildConfigurationList = A85881B519F2C4EF00EC9D0E /* Build configuration list for PBXNativeTarget "testC" */;
			buildPhases = (
				A85881AA19F2C4EF00EC9D0E /* Sources */,
				A85881AB19F2C4EF00EC9D0E /* Frameworks */,
				A85881AC19F2C4EF00EC9D0E /* CopyFiles */,
			);
			buildRules = (
			);
			dependencies = (
			);
			name = testC;
			productName = testC;
			productReference = A85881AE19F2C4EF00EC9D0E /* testC */;
			productType = "com.apple.product-type.tool";
		};
/* End PBXNativeTarget section */

/* Begin PBXProject section */
		A85881A619F2C4EF00EC9D0E /* Project object */ = {
			isa = PBXProject;
			attributes = {
				LastUpgradeCheck = 0600;
				ORGANIZATIONNAME = "Giacomo Barbieri";
				TargetAttributes = {
					A85881AD19F2C4EF00EC9D0E = {
						CreatedOnToolsVersion = 6.0.1;
					};
				};
			};
			buildConfigurationList = A85881A919F2C4EF00EC9D0E /* Build configuration list for PBXProject "testC" */;
			compatibilityVersion = "Xcode 3.2";
			developmentRegion = English;
			hasScannedForEncodings = 0;
			knownRegions = (
				en,
			);
			mainGroup = A85881A519F2C4EF00EC9D0E;
			productRefGroup = A85881AF19F2C4EF00EC9D0E /* Products */;
			projectDirPath = "";
			projectRoot = "";
			targets = (
				A85881AD19F2C4EF00EC9D0E /* testC */,
			);
		};
/* End PBXProject section */

/* Begin PBXSourcesBuildPhase section */
		A85881AA19F2C4EF00EC9D0E /* Sources */ = {
			isa = PBXSourcesBuildPhase;
			buildActionMask = 2147483647;
			files = (
				A8B6B66A1A0D1BCB00321D41 /* main.c in Sources */,
				A8B6B66D1A0D1D2B00321D41 /* stringhe.c in Sources */,
				A80C9ADE1A125D6200AD9948 /* valore_massimo.c in Sources */,
			);
			runOnlyForDeploymentPostprocessing = 0;
		};
/* End PBXSourcesBuildPhase section */

/* Begin XCBuildConfiguration section */
		A85881B319F2C4EF00EC9D0E /* Debug */ = {
			isa = XCBuildConfiguration;
			buildSettings = {
				ALWAYS_SEARCH_USER_PATHS = NO;
				CLANG_CXX_LANGUAGE_STANDARD = "gnu++0x";
				CLANG_CXX_LIBRARY = "libc++";
				CLANG_ENABLE_MODULES = YES;
				CLANG_ENABLE_OBJC_ARC = YES;
				CLANG_WARN_BOOL_CONVERSION = YES;
				CLANG_WARN_CONSTANT_CONVERSION = YES;
				CLANG_WARN_DIRECT_OBJC_ISA_USAGE = YES_ERROR;
				CLANG_WARN_EMPTY_BODY = YES;
				CLANG_WARN_ENUM_CONVERSION = YES;
				CLANG_WARN_INT_CONVERSION = YES;
				CLANG_WARN_OBJC_ROOT_CLASS = YES_ERROR;
				CLANG_WARN_UNREACHABLE_CODE = YES;
				CLANG_WARN__DUPLICATE_METHOD_MATCH = YES;
				COPY_PHASE_STRIP = NO;
				ENABLE_STRICT_OBJC_MSGSEND = YES;
				GCC_C_LANGUAGE_STANDARD = gnu99;
				GCC_DYNAMIC_NO_PIC = NO;
				GCC_OPTIMIZATION_LEVEL = 0;
				GCC_PREPROCESSOR_DEFINITIONS = (
					"DEBUG=1",
					"$(inherited)",
				);
				GCC_SYMBOLS_PRIVATE_EXTERN = NO;
				GCC_WARN_64_TO_32_BIT_CONVERSION = YES;
				GCC_WARN_ABOUT_RETURN_TYPE = YES_ERROR;
				GCC_WARN_UNDECLARED_SELECTOR = YES;
				GCC_WARN_UNINITIALIZED_AUTOS = YES_AGGRESSIVE;
				GCC_WARN_UNUSED_FUNCTION = YES;
				GCC_WARN_UNUSED_VARIABLE = YES;
				MACOSX_DEPLOYMENT_TARGET = 10.10;
				MTL_ENABLE_DEBUG_INFO = YES;
				ONLY_ACTIVE_ARCH = YES;
				SDKROOT = macosx;
			};
			name = Debug;
		};
		A85881B419F2C4EF00EC9D0E /* Release */ = {
			isa = XCBuildConfiguration;
			buildSettings = {
				ALWAYS_SEARCH_USER_PATHS = NO;
				CLANG_CXX_LANGUAGE_STANDARD = "gnu++0x";
				CLANG_CXX_LIBRARY = "libc++";
				CLANG_ENABLE_MODULES = YES;
				CLANG_ENABLE_OBJC_ARC = YES;
				CLANG_WARN_BOOL_CONVERSION = YES;
				CLANG_WARN_CONSTANT_CONVERSION = YES;
				CLANG_WARN_DIRECT_OBJC_ISA_USAGE = YES_ERROR;
				CLANG_WARN_EMPTY_BODY = YES;
				CLANG_WARN_ENUM_CONVERSION = YES;
				CLANG_WARN_INT_CONVERSION = YES;
				CLANG_WARN_OBJC_ROOT_CLASS = YES_ERROR;
				CLANG_WARN_UNREACHABLE_CODE = YES;
				CLANG_WARN__DUPLICATE_METHOD_MATCH = YES;
				COPY_PHASE_STRIP = YES;
				DEBUG_INFORMATION_FORMAT = "dwarf-with-dsym";
				ENABLE_NS_ASSERTIONS = NO;
				ENABLE_STRICT_OBJC_MSGSEND = YES;
				GCC_C_LANGUAGE_STANDARD = gnu99;
				GCC_WARN_64_TO_32_BIT_CONVERSION = YES;
				GCC_WARN_ABOUT_RETURN_TYPE = YES_ERROR;
				GCC_WARN_UNDECLARED_SELECTOR = YES;
				GCC_WARN_UNINITIALIZED_AUTOS = YES_AGGRESSIVE;
				GCC_WARN_UNUSED_FUNCTION = YES;
				GCC_WARN_UNUSED_VARIABLE = YES;
				MACOSX_DEPLOYMENT_TARGET = 10.10;
				MTL_ENABLE_DEBUG_INFO = NO;
				SDKROOT = macosx;
			};
			name = Release;
		};
		A85881B619F2C4EF00EC9D0E /* Debug */ = {
			isa = XCBuildConfiguration;
			buildSettings = {
				PRODUCT_NAME = "$(TARGET_NAME)";
			};
			name = Debug;
		};
		A85881B719F2C4EF00EC9D0E /* Release */ = {
			isa = XCBuildConfiguration;
			buildSettings = {
				PRODUCT_NAME = "$(TARGET_NAME)";
			};
			name = Release;
		};
/* End XCBuildConfiguration section */

/* Begin XCConfigurationList section */
		A85881A919F2C4EF00EC9D0E /* Build configuration list for PBXProject "testC" */ = {
			isa = XCConfigurationList;
			buildConfigurations = (
				A85881B319F2C4EF00EC9D0E /* Debug */,
				A85881B419F2C4EF00EC9D0E /* Release */,
			);
			defaultConfigurationIsVisible = 0;
			defaultConfigurationName = Release;
		};
		A85881B519F2C4EF00EC9D0E /* Build configuration list for PBXNativeTarget "testC" */ = {
			isa = XCConfigurationList;
			buildConfigurations = (
				A85881B619F2C4EF00EC9D0E /* Debug */,
				A85881B719F2C4EF00EC9D0E /* Release */,
			);
			defaultConfigurationIsVisible = 0;
			defaultConfigurationName = Release;
		};
/* End XCConfigurationList section */
	};
	rootObject = A85881A619F2C4EF00EC9D0E /* Project object */;
}
