// !$*UTF8*$!
{
	archiveVersion = 1;
	classes = {
	};
	objectVersion = 46;
	objects = {

/* Begin PBXBuildFile section */
		A86B6A7B19FE7E2B00EC3F9E /* main.c in Sources */ = {isa = PBXBuildFile; fileRef = A86B6A7A19FE7E2B00EC3F9E /* main.c */; };
		A87ED23819FE9336000B6516 /* candidato.c in Sources */ = {isa = PBXBuildFile; fileRef = A87ED23619FE9336000B6516 /* candidato.c */; };
		A87ED23B19FE9342000B6516 /* voto.c in Sources */ = {isa = PBXBuildFile; fileRef = A87ED23919FE9342000B6516 /* voto.c */; };
		A8AFFE2319FEB97200F97A2A /* stringhe.c in Sources */ = {isa = PBXBuildFile; fileRef = A8AFFE2219FEB97200F97A2A /* stringhe.c */; };
/* End PBXBuildFile section */

/* Begin PBXCopyFilesBuildPhase section */
		A86B6A7519FE7E2B00EC3F9E /* CopyFiles */ = {
			isa = PBXCopyFilesBuildPhase;
			buildActionMask = 2147483647;
			dstPath = /usr/share/man/man1/;
			dstSubfolderSpec = 0;
			files = (
			);
			runOnlyForDeploymentPostprocessing = 1;
		};
/* End PBXCopyFilesBuildPhase section */

/* Begin PBXFileReference section */
		A86B6A7719FE7E2B00EC3F9E /* Es201014 */ = {isa = PBXFileReference; explicitFileType = "compiled.mach-o.executable"; includeInIndex = 0; path = Es201014; sourceTree = BUILT_PRODUCTS_DIR; };
		A86B6A7A19FE7E2B00EC3F9E /* main.c */ = {isa = PBXFileReference; lastKnownFileType = sourcecode.c.c; path = main.c; sourceTree = "<group>"; };
		A87ED23619FE9336000B6516 /* candidato.c */ = {isa = PBXFileReference; fileEncoding = 4; lastKnownFileType = sourcecode.c.c; path = candidato.c; sourceTree = "<group>"; };
		A87ED23719FE9336000B6516 /* candidato.h */ = {isa = PBXFileReference; fileEncoding = 4; lastKnownFileType = sourcecode.c.h; path = candidato.h; sourceTree = "<group>"; };
		A87ED23919FE9342000B6516 /* voto.c */ = {isa = PBXFileReference; fileEncoding = 4; lastKnownFileType = sourcecode.c.c; path = voto.c; sourceTree = "<group>"; };
		A87ED23A19FE9342000B6516 /* voto.h */ = {isa = PBXFileReference; fileEncoding = 4; lastKnownFileType = sourcecode.c.h; path = voto.h; sourceTree = "<group>"; };
		A8AFFE2119FE9D2600F97A2A /* stringhe.h */ = {isa = PBXFileReference; fileEncoding = 4; lastKnownFileType = sourcecode.c.h; path = stringhe.h; sourceTree = "<group>"; };
		A8AFFE2219FEB97200F97A2A /* stringhe.c */ = {isa = PBXFileReference; fileEncoding = 4; lastKnownFileType = sourcecode.c.c; path = stringhe.c; sourceTree = "<group>"; };
/* End PBXFileReference section */

/* Begin PBXFrameworksBuildPhase section */
		A86B6A7419FE7E2B00EC3F9E /* Frameworks */ = {
			isa = PBXFrameworksBuildPhase;
			buildActionMask = 2147483647;
			files = (
			);
			runOnlyForDeploymentPostprocessing = 0;
		};
/* End PBXFrameworksBuildPhase section */

/* Begin PBXGroup section */
		A86B6A6E19FE7E2B00EC3F9E = {
			isa = PBXGroup;
			children = (
				A86B6A7919FE7E2B00EC3F9E /* Es201014 */,
				A86B6A7819FE7E2B00EC3F9E /* Products */,
			);
			sourceTree = "<group>";
		};
		A86B6A7819FE7E2B00EC3F9E /* Products */ = {
			isa = PBXGroup;
			children = (
				A86B6A7719FE7E2B00EC3F9E /* Es201014 */,
			);
			name = Products;
			sourceTree = "<group>";
		};
		A86B6A7919FE7E2B00EC3F9E /* Es201014 */ = {
			isa = PBXGroup;
			children = (
				A8AFFE2119FE9D2600F97A2A /* stringhe.h */,
				A87ED23719FE9336000B6516 /* candidato.h */,
				A87ED23A19FE9342000B6516 /* voto.h */,
				A8AFFE2219FEB97200F97A2A /* stringhe.c */,
				A87ED23619FE9336000B6516 /* candidato.c */,
				A87ED23919FE9342000B6516 /* voto.c */,
				A86B6A7A19FE7E2B00EC3F9E /* main.c */,
			);
			path = Es201014;
			sourceTree = "<group>";
		};
/* End PBXGroup section */

/* Begin PBXNativeTarget section */
		A86B6A7619FE7E2B00EC3F9E /* Es201014 */ = {
			isa = PBXNativeTarget;
			buildConfigurationList = A86B6A7E19FE7E2B00EC3F9E /* Build configuration list for PBXNativeTarget "Es201014" */;
			buildPhases = (
				A86B6A7319FE7E2B00EC3F9E /* Sources */,
				A86B6A7419FE7E2B00EC3F9E /* Frameworks */,
				A86B6A7519FE7E2B00EC3F9E /* CopyFiles */,
			);
			buildRules = (
			);
			dependencies = (
			);
			name = Es201014;
			productName = Es201014;
			productReference = A86B6A7719FE7E2B00EC3F9E /* Es201014 */;
			productType = "com.apple.product-type.tool";
		};
/* End PBXNativeTarget section */

/* Begin PBXProject section */
		A86B6A6F19FE7E2B00EC3F9E /* Project object */ = {
			isa = PBXProject;
			attributes = {
				LastUpgradeCheck = 0600;
				ORGANIZATIONNAME = Tweaknology;
				TargetAttributes = {
					A86B6A7619FE7E2B00EC3F9E = {
						CreatedOnToolsVersion = 6.0.1;
					};
				};
			};
			buildConfigurationList = A86B6A7219FE7E2B00EC3F9E /* Build configuration list for PBXProject "Es201014" */;
			compatibilityVersion = "Xcode 3.2";
			developmentRegion = English;
			hasScannedForEncodings = 0;
			knownRegions = (
				en,
			);
			mainGroup = A86B6A6E19FE7E2B00EC3F9E;
			productRefGroup = A86B6A7819FE7E2B00EC3F9E /* Products */;
			projectDirPath = "";
			projectRoot = "";
			targets = (
				A86B6A7619FE7E2B00EC3F9E /* Es201014 */,
			);
		};
/* End PBXProject section */

/* Begin PBXSourcesBuildPhase section */
		A86B6A7319FE7E2B00EC3F9E /* Sources */ = {
			isa = PBXSourcesBuildPhase;
			buildActionMask = 2147483647;
			files = (
				A86B6A7B19FE7E2B00EC3F9E /* main.c in Sources */,
				A87ED23819FE9336000B6516 /* candidato.c in Sources */,
				A8AFFE2319FEB97200F97A2A /* stringhe.c in Sources */,
				A87ED23B19FE9342000B6516 /* voto.c in Sources */,
			);
			runOnlyForDeploymentPostprocessing = 0;
		};
/* End PBXSourcesBuildPhase section */

/* Begin XCBuildConfiguration section */
		A86B6A7C19FE7E2B00EC3F9E /* Debug */ = {
			isa = XCBuildConfiguration;
			buildSettings = {
				ALWAYS_SEARCH_USER_PATHS = NO;
				CLANG_CXX_LANGUAGE_STANDARD = "gnu++0x";
				CLANG_CXX_LIBRARY = "libc++";
				CLANG_ENABLE_MODULES = YES;
				CLANG_ENABLE_OBJC_ARC = YES;
				CLANG_WARN_BOOL_CONVERSION = YES;
				CLANG_WARN_CONSTANT_CONVERSION = YES;
				CLANG_WARN_DIRECT_OBJC_ISA_USAGE = YES_ERROR;
				CLANG_WARN_EMPTY_BODY = YES;
				CLANG_WARN_ENUM_CONVERSION = YES;
				CLANG_WARN_INT_CONVERSION = YES;
				CLANG_WARN_OBJC_ROOT_CLASS = YES_ERROR;
				CLANG_WARN_UNREACHABLE_CODE = YES;
				CLANG_WARN__DUPLICATE_METHOD_MATCH = YES;
				COPY_PHASE_STRIP = NO;
				ENABLE_STRICT_OBJC_MSGSEND = YES;
				GCC_C_LANGUAGE_STANDARD = gnu99;
				GCC_DYNAMIC_NO_PIC = NO;
				GCC_OPTIMIZATION_LEVEL = 0;
				GCC_PREPROCESSOR_DEFINITIONS = (
					"DEBUG=1",
					"$(inherited)",
				);
				GCC_SYMBOLS_PRIVATE_EXTERN = NO;
				GCC_WARN_64_TO_32_BIT_CONVERSION = YES;
				GCC_WARN_ABOUT_RETURN_TYPE = YES_ERROR;
				GCC_WARN_UNDECLARED_SELECTOR = YES;
				GCC_WARN_UNINITIALIZED_AUTOS = YES_AGGRESSIVE;
				GCC_WARN_UNUSED_FUNCTION = YES;
				GCC_WARN_UNUSED_VARIABLE = YES;
				MACOSX_DEPLOYMENT_TARGET = 10.10;
				MTL_ENABLE_DEBUG_INFO = YES;
				ONLY_ACTIVE_ARCH = YES;
				SDKROOT = macosx;
			};
			name = Debug;
		};
		A86B6A7D19FE7E2B00EC3F9E /* Release */ = {
			isa = XCBuildConfiguration;
			buildSettings = {
				ALWAYS_SEARCH_USER_PATHS = NO;
				CLANG_CXX_LANGUAGE_STANDARD = "gnu++0x";
				CLANG_CXX_LIBRARY = "libc++";
				CLANG_ENABLE_MODULES = YES;
				CLANG_ENABLE_OBJC_ARC = YES;
				CLANG_WARN_BOOL_CONVERSION = YES;
				CLANG_WARN_CONSTANT_CONVERSION = YES;
				CLANG_WARN_DIRECT_OBJC_ISA_USAGE = YES_ERROR;
				CLANG_WARN_EMPTY_BODY = YES;
				CLANG_WARN_ENUM_CONVERSION = YES;
				CLANG_WARN_INT_CONVERSION = YES;
				CLANG_WARN_OBJC_ROOT_CLASS = YES_ERROR;
				CLANG_WARN_UNREACHABLE_CODE = YES;
				CLANG_WARN__DUPLICATE_METHOD_MATCH = YES;
				COPY_PHASE_STRIP = YES;
				DEBUG_INFORMATION_FORMAT = "dwarf-with-dsym";
				ENABLE_NS_ASSERTIONS = NO;
				ENABLE_STRICT_OBJC_MSGSEND = YES;
				GCC_C_LANGUAGE_STANDARD = gnu99;
				GCC_WARN_64_TO_32_BIT_CONVERSION = YES;
				GCC_WARN_ABOUT_RETURN_TYPE = YES_ERROR;
				GCC_WARN_UNDECLARED_SELECTOR = YES;
				GCC_WARN_UNINITIALIZED_AUTOS = YES_AGGRESSIVE;
				GCC_WARN_UNUSED_FUNCTION = YES;
				GCC_WARN_UNUSED_VARIABLE = YES;
				MACOSX_DEPLOYMENT_TARGET = 10.10;
				MTL_ENABLE_DEBUG_INFO = NO;
				SDKROOT = macosx;
			};
			name = Release;
		};
		A86B6A7F19FE7E2B00EC3F9E /* Debug */ = {
			isa = XCBuildConfiguration;
			buildSettings = {
				PRODUCT_NAME = "$(TARGET_NAME)";
			};
			name = Debug;
		};
		A86B6A8019FE7E2B00EC3F9E /* Release */ = {
			isa = XCBuildConfiguration;
			buildSettings = {
				PRODUCT_NAME = "$(TARGET_NAME)";
			};
			name = Release;
		};
/* End XCBuildConfiguration section */

/* Begin XCConfigurationList section */
		A86B6A7219FE7E2B00EC3F9E /* Build configuration list for PBXProject "Es201014" */ = {
			isa = XCConfigurationList;
			buildConfigurations = (
				A86B6A7C19FE7E2B00EC3F9E /* Debug */,
				A86B6A7D19FE7E2B00EC3F9E /* Release */,
			);
			defaultConfigurationIsVisible = 0;
			defaultConfigurationName = Release;
		};
		A86B6A7E19FE7E2B00EC3F9E /* Build configuration list for PBXNativeTarget "Es201014" */ = {
			isa = XCConfigurationList;
			buildConfigurations = (
				A86B6A7F19FE7E2B00EC3F9E /* Debug */,
				A86B6A8019FE7E2B00EC3F9E /* Release */,
			);
			defaultConfigurationIsVisible = 0;
			defaultConfigurationName = Release;
		};
/* End XCConfigurationList section */
	};
	rootObject = A86B6A6F19FE7E2B00EC3F9E /* Project object */;
}
